
Microsoft Visual Studio Solution File, Format Version 12.00
# Visual Studio Version 17
VisualStudioVersion = 17.10.35013.160
MinimumVisualStudioVersion = 10.0.40219.1
Project("{FAE04EC0-301F-11D3-BF4B-00C04F79EFBC}") = "HubEscola", "HubEscola.csproj", "{D2058E92-F240-424B-BDB2-C38EBA0D3DBA}"
EndProject
Global
	GlobalSection(SolutionConfigurationPlatforms) = preSolution
		Debug|Any CPU = Debug|Any CPU
		Release|Any CPU = Release|Any CPU
	EndGlobalSection
	GlobalSection(ProjectConfigurationPlatforms) = postSolution
		{D2058E92-F240-424B-BDB2-C38EBA0D3DBA}.Debug|Any CPU.ActiveCfg = Debug|Any CPU
		{D2058E92-F240-424B-BDB2-C38EBA0D3DBA}.Debug|Any CPU.Build.0 = Debug|Any CPU
		{D2058E92-F240-424B-BDB2-C38EBA0D3DBA}.Release|Any CPU.ActiveCfg = Release|Any CPU
		{D2058E92-F240-424B-BDB2-C38EBA0D3DBA}.Release|Any CPU.Build.0 = Release|Any CPU
	EndGlobalSection
	GlobalSection(SolutionProperties) = preSolution
		HideSolutionNode = FALSE
	EndGlobalSection
	GlobalSection(ExtensibilityGlobals) = postSolution
		SolutionGuid = {7A67DF86-980B-452A-A32C-A5F5CF524324}
	EndGlobalSection
EndGlobal
